
Microsoft Visual Studio Solution File, Format Version 12.00
# Visual Studio Version 17
VisualStudioVersion = 17.5.002.0
MinimumVisualStudioVersion = 10.0.40219.1
Project("{2150E333-8FDC-42A3-9474-1A3956D46DE8}") = "csharp-prep", "csharp-prep", "{6BFDCC08-9367-4A8A-9AC8-42E32A94AB85}"
EndProject
Project("{9A19103F-16F7-4668-BE54-9A1E7A4F7556}") = "Prep1", "csharp-prep\Prep1\Prep1.csproj", "{30FF953A-FEFD-4256-8EC9-F8772F2AEE41}"
EndProject
Project("{9A19103F-16F7-4668-BE54-9A1E7A4F7556}") = "Prep2", "csharp-prep\Prep2\Prep2.csproj", "{FEDE0B87-939A-43BE-B78E-81503E9F1619}"
EndProject
Project("{9A19103F-16F7-4668-BE54-9A1E7A4F7556}") = "Prep3", "csharp-prep\Prep3\Prep3.csproj", "{06F933A4-2F77-4A88-A219-2D2A66A66552}"
EndProject
Project("{9A19103F-16F7-4668-BE54-9A1E7A4F7556}") = "Prep4", "csharp-prep\Prep4\Prep4.csproj", "{9312446C-0A0A-47BC-8868-CE86AD42E789}"
EndProject
Project("{9A19103F-16F7-4668-BE54-9A1E7A4F7556}") = "Prep5", "csharp-prep\Prep5\Prep5.csproj", "{32570EF8-8A0D-47D6-88A2-F55580421193}"
EndProject
Project("{2150E333-8FDC-42A3-9474-1A3956D46DE8}") = "final", "final", "{529D90D0-45EE-45B5-A208-FF685412C9A5}"
EndProject
Project("{9A19103F-16F7-4668-BE54-9A1E7A4F7556}") = "FinalProject", "final\FinalProject\FinalProject.csproj", "{5F2DA14D-573F-4EBA-A597-39DE4F93923A}"
EndProject
Project("{9A19103F-16F7-4668-BE54-9A1E7A4F7556}") = "Foundation1", "final\Foundation1\Foundation1.csproj", "{ACC61EEC-E030-4815-8393-E1900A5A6A58}"
EndProject
Project("{9A19103F-16F7-4668-BE54-9A1E7A4F7556}") = "Foundation2", "final\Foundation2\Foundation2.csproj", "{3CD9427E-22A9-43DD-9285-B15AF41EADDA}"
EndProject
Project("{9A19103F-16F7-4668-BE54-9A1E7A4F7556}") = "Foundation3", "final\Foundation3\Foundation3.csproj", "{72FE6959-B913-4CAF-B7FF-E8E7E5F5A153}"
EndProject
Project("{9A19103F-16F7-4668-BE54-9A1E7A4F7556}") = "Foundation4", "final\Foundation4\Foundation4.csproj", "{6BFE8C1B-6F24-4328-9CEC-E00E8A155765}"
EndProject
Project("{2150E333-8FDC-42A3-9474-1A3956D46DE8}") = "prepare", "prepare", "{C6182315-1B5C-465B-9986-E40E554F0F5B}"
EndProject
Project("{9A19103F-16F7-4668-BE54-9A1E7A4F7556}") = "Learning02", "prepare\Learning02\Learning02.csproj", "{49A29178-E118-498A-996B-1EDC487D04F5}"
EndProject
Project("{9A19103F-16F7-4668-BE54-9A1E7A4F7556}") = "Learning03", "prepare\Learning03\Learning03.csproj", "{9744DC6E-3E7B-435B-AB42-6951DB29182E}"
EndProject
Project("{9A19103F-16F7-4668-BE54-9A1E7A4F7556}") = "Learning04", "prepare\Learning04\Learning04.csproj", "{55B4D189-3D64-4A6B-972B-B69398011100}"
EndProject
Project("{9A19103F-16F7-4668-BE54-9A1E7A4F7556}") = "Learning05", "prepare\Learning05\Learning05.csproj", "{643C0DD0-A71F-428E-BDAD-D40A0D3E7E74}"
EndProject
Project("{2150E333-8FDC-42A3-9474-1A3956D46DE8}") = "prove", "prove", "{D9287424-0D3A-4213-A300-E90D969BAC69}"
EndProject
Project("{9A19103F-16F7-4668-BE54-9A1E7A4F7556}") = "Develop02", "prove\Develop02\Develop02.csproj", "{DC296F2C-267D-4E30-BF38-3278803A2FFD}"
EndProject
Project("{9A19103F-16F7-4668-BE54-9A1E7A4F7556}") = "Develop03", "prove\Develop03\Develop03.csproj", "{8B499AD0-578B-443F-86A4-00A75ABB89E7}"
EndProject
Project("{9A19103F-16F7-4668-BE54-9A1E7A4F7556}") = "Develop04", "prove\Develop04\Develop04.csproj", "{030D2D70-ABA5-43E6-830E-7D82C349F988}"
EndProject
Project("{9A19103F-16F7-4668-BE54-9A1E7A4F7556}") = "Develop05", "prove\Develop05\Develop05.csproj", "{1B01222B-3F9E-49E5-97AD-C32353800250}"
EndProject
Project("{2150E333-8FDC-42A3-9474-1A3956D46DE8}") = "sandbox", "sandbox", "{C3EC7BDD-AC9B-4746-8AB8-37B2F67FF211}"
EndProject
Project("{9A19103F-16F7-4668-BE54-9A1E7A4F7556}") = "Sandbox", "sandbox\Sandbox\Sandbox.csproj", "{D0568C84-DAF1-4831-A5D3-C94BC545B201}"
EndProject
Global
	GlobalSection(SolutionConfigurationPlatforms) = preSolution
		Debug|Any CPU = Debug|Any CPU
		Release|Any CPU = Release|Any CPU
	EndGlobalSection
	GlobalSection(ProjectConfigurationPlatforms) = postSolution
		{30FF953A-FEFD-4256-8EC9-F8772F2AEE41}.Debug|Any CPU.ActiveCfg = Debug|Any CPU
		{30FF953A-FEFD-4256-8EC9-F8772F2AEE41}.Debug|Any CPU.Build.0 = Debug|Any CPU
		{30FF953A-FEFD-4256-8EC9-F8772F2AEE41}.Release|Any CPU.ActiveCfg = Release|Any CPU
		{30FF953A-FEFD-4256-8EC9-F8772F2AEE41}.Release|Any CPU.Build.0 = Release|Any CPU
		{FEDE0B87-939A-43BE-B78E-81503E9F1619}.Debug|Any CPU.ActiveCfg = Debug|Any CPU
		{FEDE0B87-939A-43BE-B78E-81503E9F1619}.Debug|Any CPU.Build.0 = Debug|Any CPU
		{FEDE0B87-939A-43BE-B78E-81503E9F1619}.Release|Any CPU.ActiveCfg = Release|Any CPU
		{FEDE0B87-939A-43BE-B78E-81503E9F1619}.Release|Any CPU.Build.0 = Release|Any CPU
		{06F933A4-2F77-4A88-A219-2D2A66A66552}.Debug|Any CPU.ActiveCfg = Debug|Any CPU
		{06F933A4-2F77-4A88-A219-2D2A66A66552}.Debug|Any CPU.Build.0 = Debug|Any CPU
		{06F933A4-2F77-4A88-A219-2D2A66A66552}.Release|Any CPU.ActiveCfg = Release|Any CPU
		{06F933A4-2F77-4A88-A219-2D2A66A66552}.Release|Any CPU.Build.0 = Release|Any CPU
		{9312446C-0A0A-47BC-8868-CE86AD42E789}.Debug|Any CPU.ActiveCfg = Debug|Any CPU
		{9312446C-0A0A-47BC-8868-CE86AD42E789}.Debug|Any CPU.Build.0 = Debug|Any CPU
		{9312446C-0A0A-47BC-8868-CE86AD42E789}.Release|Any CPU.ActiveCfg = Release|Any CPU
		{9312446C-0A0A-47BC-8868-CE86AD42E789}.Release|Any CPU.Build.0 = Release|Any CPU
		{32570EF8-8A0D-47D6-88A2-F55580421193}.Debug|Any CPU.ActiveCfg = Debug|Any CPU
		{32570EF8-8A0D-47D6-88A2-F55580421193}.Debug|Any CPU.Build.0 = Debug|Any CPU
		{32570EF8-8A0D-47D6-88A2-F55580421193}.Release|Any CPU.ActiveCfg = Release|Any CPU
		{32570EF8-8A0D-47D6-88A2-F55580421193}.Release|Any CPU.Build.0 = Release|Any CPU
		{5F2DA14D-573F-4EBA-A597-39DE4F93923A}.Debug|Any CPU.ActiveCfg = Debug|Any CPU
		{5F2DA14D-573F-4EBA-A597-39DE4F93923A}.Debug|Any CPU.Build.0 = Debug|Any CPU
		{5F2DA14D-573F-4EBA-A597-39DE4F93923A}.Release|Any CPU.ActiveCfg = Release|Any CPU
		{5F2DA14D-573F-4EBA-A597-39DE4F93923A}.Release|Any CPU.Build.0 = Release|Any CPU
		{ACC61EEC-E030-4815-8393-E1900A5A6A58}.Debug|Any CPU.ActiveCfg = Debug|Any CPU
		{ACC61EEC-E030-4815-8393-E1900A5A6A58}.Debug|Any CPU.Build.0 = Debug|Any CPU
		{ACC61EEC-E030-4815-8393-E1900A5A6A58}.Release|Any CPU.ActiveCfg = Release|Any CPU
		{ACC61EEC-E030-4815-8393-E1900A5A6A58}.Release|Any CPU.Build.0 = Release|Any CPU
		{3CD9427E-22A9-43DD-9285-B15AF41EADDA}.Debug|Any CPU.ActiveCfg = Debug|Any CPU
		{3CD9427E-22A9-43DD-9285-B15AF41EADDA}.Debug|Any CPU.Build.0 = Debug|Any CPU
		{3CD9427E-22A9-43DD-9285-B15AF41EADDA}.Release|Any CPU.ActiveCfg = Release|Any CPU
		{3CD9427E-22A9-43DD-9285-B15AF41EADDA}.Release|Any CPU.Build.0 = Release|Any CPU
		{72FE6959-B913-4CAF-B7FF-E8E7E5F5A153}.Debug|Any CPU.ActiveCfg = Debug|Any CPU
		{72FE6959-B913-4CAF-B7FF-E8E7E5F5A153}.Debug|Any CPU.Build.0 = Debug|Any CPU
		{72FE6959-B913-4CAF-B7FF-E8E7E5F5A153}.Release|Any CPU.ActiveCfg = Release|Any CPU
		{72FE6959-B913-4CAF-B7FF-E8E7E5F5A153}.Release|Any CPU.Build.0 = Release|Any CPU
		{6BFE8C1B-6F24-4328-9CEC-E00E8A155765}.Debug|Any CPU.ActiveCfg = Debug|Any CPU
		{6BFE8C1B-6F24-4328-9CEC-E00E8A155765}.Debug|Any CPU.Build.0 = Debug|Any CPU
		{6BFE8C1B-6F24-4328-9CEC-E00E8A155765}.Release|Any CPU.ActiveCfg = Release|Any CPU
		{6BFE8C1B-6F24-4328-9CEC-E00E8A155765}.Release|Any CPU.Build.0 = Release|Any CPU
		{49A29178-E118-498A-996B-1EDC487D04F5}.Debug|Any CPU.ActiveCfg = Debug|Any CPU
		{49A29178-E118-498A-996B-1EDC487D04F5}.Debug|Any CPU.Build.0 = Debug|Any CPU
		{49A29178-E118-498A-996B-1EDC487D04F5}.Release|Any CPU.ActiveCfg = Release|Any CPU
		{49A29178-E118-498A-996B-1EDC487D04F5}.Release|Any CPU.Build.0 = Release|Any CPU
		{9744DC6E-3E7B-435B-AB42-6951DB29182E}.Debug|Any CPU.ActiveCfg = Debug|Any CPU
		{9744DC6E-3E7B-435B-AB42-6951DB29182E}.Debug|Any CPU.Build.0 = Debug|Any CPU
		{9744DC6E-3E7B-435B-AB42-6951DB29182E}.Release|Any CPU.ActiveCfg = Release|Any CPU
		{9744DC6E-3E7B-435B-AB42-6951DB29182E}.Release|Any CPU.Build.0 = Release|Any CPU
		{55B4D189-3D64-4A6B-972B-B69398011100}.Debug|Any CPU.ActiveCfg = Debug|Any CPU
		{55B4D189-3D64-4A6B-972B-B69398011100}.Debug|Any CPU.Build.0 = Debug|Any CPU
		{55B4D189-3D64-4A6B-972B-B69398011100}.Release|Any CPU.ActiveCfg = Release|Any CPU
		{55B4D189-3D64-4A6B-972B-B69398011100}.Release|Any CPU.Build.0 = Release|Any CPU
		{643C0DD0-A71F-428E-BDAD-D40A0D3E7E74}.Debug|Any CPU.ActiveCfg = Debug|Any CPU
		{643C0DD0-A71F-428E-BDAD-D40A0D3E7E74}.Debug|Any CPU.Build.0 = Debug|Any CPU
		{643C0DD0-A71F-428E-BDAD-D40A0D3E7E74}.Release|Any CPU.ActiveCfg = Release|Any CPU
		{643C0DD0-A71F-428E-BDAD-D40A0D3E7E74}.Release|Any CPU.Build.0 = Release|Any CPU
		{DC296F2C-267D-4E30-BF38-3278803A2FFD}.Debug|Any CPU.ActiveCfg = Debug|Any CPU
		{DC296F2C-267D-4E30-BF38-3278803A2FFD}.Debug|Any CPU.Build.0 = Debug|Any CPU
		{DC296F2C-267D-4E30-BF38-3278803A2FFD}.Release|Any CPU.ActiveCfg = Release|Any CPU
		{DC296F2C-267D-4E30-BF38-3278803A2FFD}.Release|Any CPU.Build.0 = Release|Any CPU
		{8B499AD0-578B-443F-86A4-00A75ABB89E7}.Debug|Any CPU.ActiveCfg = Debug|Any CPU
		{8B499AD0-578B-443F-86A4-00A75ABB89E7}.Debug|Any CPU.Build.0 = Debug|Any CPU
		{8B499AD0-578B-443F-86A4-00A75ABB89E7}.Release|Any CPU.ActiveCfg = Release|Any CPU
		{8B499AD0-578B-443F-86A4-00A75ABB89E7}.Release|Any CPU.Build.0 = Release|Any CPU
		{030D2D70-ABA5-43E6-830E-7D82C349F988}.Debug|Any CPU.ActiveCfg = Debug|Any CPU
		{030D2D70-ABA5-43E6-830E-7D82C349F988}.Debug|Any CPU.Build.0 = Debug|Any CPU
		{030D2D70-ABA5-43E6-830E-7D82C349F988}.Release|Any CPU.ActiveCfg = Release|Any CPU
		{030D2D70-ABA5-43E6-830E-7D82C349F988}.Release|Any CPU.Build.0 = Release|Any CPU
		{1B01222B-3F9E-49E5-97AD-C32353800250}.Debug|Any CPU.ActiveCfg = Debug|Any CPU
		{1B01222B-3F9E-49E5-97AD-C32353800250}.Debug|Any CPU.Build.0 = Debug|Any CPU
		{1B01222B-3F9E-49E5-97AD-C32353800250}.Release|Any CPU.ActiveCfg = Release|Any CPU
		{1B01222B-3F9E-49E5-97AD-C32353800250}.Release|Any CPU.Build.0 = Release|Any CPU
		{D0568C84-DAF1-4831-A5D3-C94BC545B201}.Debug|Any CPU.ActiveCfg = Debug|Any CPU
		{D0568C84-DAF1-4831-A5D3-C94BC545B201}.Debug|Any CPU.Build.0 = Debug|Any CPU
		{D0568C84-DAF1-4831-A5D3-C94BC545B201}.Release|Any CPU.ActiveCfg = Release|Any CPU
		{D0568C84-DAF1-4831-A5D3-C94BC545B201}.Release|Any CPU.Build.0 = Release|Any CPU
	EndGlobalSection
	GlobalSection(SolutionProperties) = preSolution
		HideSolutionNode = FALSE
	EndGlobalSection
	GlobalSection(NestedProjects) = preSolution
		{30FF953A-FEFD-4256-8EC9-F8772F2AEE41} = {6BFDCC08-9367-4A8A-9AC8-42E32A94AB85}
		{FEDE0B87-939A-43BE-B78E-81503E9F1619} = {6BFDCC08-9367-4A8A-9AC8-42E32A94AB85}
		{06F933A4-2F77-4A88-A219-2D2A66A66552} = {6BFDCC08-9367-4A8A-9AC8-42E32A94AB85}
		{9312446C-0A0A-47BC-8868-CE86AD42E789} = {6BFDCC08-9367-4A8A-9AC8-42E32A94AB85}
		{32570EF8-8A0D-47D6-88A2-F55580421193} = {6BFDCC08-9367-4A8A-9AC8-42E32A94AB85}
		{5F2DA14D-573F-4EBA-A597-39DE4F93923A} = {529D90D0-45EE-45B5-A208-FF685412C9A5}
		{ACC61EEC-E030-4815-8393-E1900A5A6A58} = {529D90D0-45EE-45B5-A208-FF685412C9A5}
		{3CD9427E-22A9-43DD-9285-B15AF41EADDA} = {529D90D0-45EE-45B5-A208-FF685412C9A5}
		{72FE6959-B913-4CAF-B7FF-E8E7E5F5A153} = {529D90D0-45EE-45B5-A208-FF685412C9A5}
		{6BFE8C1B-6F24-4328-9CEC-E00E8A155765} = {529D90D0-45EE-45B5-A208-FF685412C9A5}
		{49A29178-E118-498A-996B-1EDC487D04F5} = {C6182315-1B5C-465B-9986-E40E554F0F5B}
		{9744DC6E-3E7B-435B-AB42-6951DB29182E} = {C6182315-1B5C-465B-9986-E40E554F0F5B}
		{55B4D189-3D64-4A6B-972B-B69398011100} = {C6182315-1B5C-465B-9986-E40E554F0F5B}
		{643C0DD0-A71F-428E-BDAD-D40A0D3E7E74} = {C6182315-1B5C-465B-9986-E40E554F0F5B}
		{DC296F2C-267D-4E30-BF38-3278803A2FFD} = {D9287424-0D3A-4213-A300-E90D969BAC69}
		{8B499AD0-578B-443F-86A4-00A75ABB89E7} = {D9287424-0D3A-4213-A300-E90D969BAC69}
		{030D2D70-ABA5-43E6-830E-7D82C349F988} = {D9287424-0D3A-4213-A300-E90D969BAC69}
		{1B01222B-3F9E-49E5-97AD-C32353800250} = {D9287424-0D3A-4213-A300-E90D969BAC69}
		{D0568C84-DAF1-4831-A5D3-C94BC545B201} = {C3EC7BDD-AC9B-4746-8AB8-37B2F67FF211}
	EndGlobalSection
	GlobalSection(ExtensibilityGlobals) = postSolution
		SolutionGuid = {8588E2E3-CF03-4323-BAC4-93F561A50F56}
	EndGlobalSection
EndGlobal
